{
  "name": "nrt-plc",
  "lockfileVersion": 3,
  "requires": true,
  "packages": {
    "": {
      "dependencies": {
        "@jiaminghi/data-view": "^2.10.0",
        "cors": "^2.8.5"
      }
    },
    "node_modules/@babel/runtime": {
      "version": "7.26.0",
      "resolved": "https://registry.npmmirror.com/@babel/runtime/-/runtime-7.26.0.tgz",
      "integrity": "sha512-FDSOghenHTiToteC/QRlv2q3DhPZ/oOXTBoirfWNx1Cx3TMVcGWQtMMmQcSvb/JjpNeGzx8Pq/b4fKEJuWm1sw==",
      "license": "MIT",
      "dependencies": {
        "regenerator-runtime": "^0.14.0"
      },
      "engines": {
        "node": ">=6.9.0"
      }
    },
    "node_modules/@jiaminghi/bezier-curve": {
      "version": "0.0.9",
      "resolved": "https://registry.npmmirror.com/@jiaminghi/bezier-curve/-/bezier-curve-0.0.9.tgz",
      "integrity": "sha512-u9xJPOEl6Dri2E9FfmJoGxYQY7vYJkURNX04Vj64tdi535tPrpkuf9Sm0lNr3QTKdHQh0DdNRsaa62FLQNQEEw==",
      "license": "MIT",
      "dependencies": {
        "@babel/runtime": "^7.5.5"
      }
    },
    "node_modules/@jiaminghi/c-render": {
      "version": "0.4.3",
      "resolved": "https://registry.npmmirror.com/@jiaminghi/c-render/-/c-render-0.4.3.tgz",
      "integrity": "sha512-FJfzj5hGj7MLqqqI2D7vEzHKbQ1Ynnn7PJKgzsjXaZpJzTqs2Yw5OSeZnm6l7Qj7jyPAP53lFvEQNH4o4j6s+Q==",
      "license": "MIT",
      "dependencies": {
        "@babel/runtime": "^7.5.5",
        "@jiaminghi/bezier-curve": "*",
        "@jiaminghi/color": "*",
        "@jiaminghi/transition": "*"
      }
    },
    "node_modules/@jiaminghi/charts": {
      "version": "0.2.18",
      "resolved": "https://registry.npmmirror.com/@jiaminghi/charts/-/charts-0.2.18.tgz",
      "integrity": "sha512-K+HXaOOeWG9OOY1VG6M4mBreeeIAPhb9X+khG651AbnwEwL6G2UtcAQ8GWCq6GzhczcLwwhIhuaHqRygwHC0sA==",
      "license": "MIT",
      "dependencies": {
        "@babel/runtime": "^7.5.5",
        "@jiaminghi/c-render": "^0.4.3"
      }
    },
    "node_modules/@jiaminghi/color": {
      "version": "1.1.3",
      "resolved": "https://registry.npmmirror.com/@jiaminghi/color/-/color-1.1.3.tgz",
      "integrity": "sha512-ZY3hdorgODk4OSTbxyXBPxAxHPIVf9rPlKJyK1C1db46a50J0reFKpAvfZG8zMG3lvM60IR7Qawgcu4ZDO3+Hg==",
      "license": "MIT"
    },
    "node_modules/@jiaminghi/data-view": {
      "version": "2.10.0",
      "resolved": "https://registry.npmmirror.com/@jiaminghi/data-view/-/data-view-2.10.0.tgz",
      "integrity": "sha512-Cud2MTiMcqc5k2KWabR/svuVQmXHANqURo+yj40370/LdI/gyUJ6LG203hWXEnT1nMCeiv/SLVmxv3PXLScCeA==",
      "license": "MIT",
      "dependencies": {
        "@babel/runtime": "^7.5.5",
        "@jiaminghi/charts": "*"
      }
    },
    "node_modules/@jiaminghi/transition": {
      "version": "1.1.11",
      "resolved": "https://registry.npmmirror.com/@jiaminghi/transition/-/transition-1.1.11.tgz",
      "integrity": "sha512-owBggipoHMikDHHDW5Gc7RZYlVuvxHADiU4bxfjBVkHDAmmck+fCkm46n2JzC3j33hWvP9nSCAeh37t6stgWeg==",
      "license": "MIT",
      "dependencies": {
        "@babel/runtime": "^7.5.5"
      }
    },
    "node_modules/cors": {
      "version": "2.8.5",
      "resolved": "https://registry.npmmirror.com/cors/-/cors-2.8.5.tgz",
      "integrity": "sha512-KIHbLJqu73RGr/hnbrO9uBeixNGuvSQjul/jdFvS/KFSIH1hWVd1ng7zOHx+YrEfInLG7q4n6GHQ9cDtxv/P6g==",
      "license": "MIT",
      "dependencies": {
        "object-assign": "^4",
        "vary": "^1"
      },
      "engines": {
        "node": ">= 0.10"
      }
    },
    "node_modules/object-assign": {
      "version": "4.1.1",
      "resolved": "https://registry.npmmirror.com/object-assign/-/object-assign-4.1.1.tgz",
      "integrity": "sha512-rJgTQnkUnH1sFw8yT6VSU3zD3sWmu6sZhIseY8VX+GRu3P6F7Fu+JNDoXfklElbLJSnc3FUQHVe4cU5hj+BcUg==",
      "license": "MIT",
      "engines": {
        "node": ">=0.10.0"
      }
    },
    "node_modules/regenerator-runtime": {
      "version": "0.14.1",
      "resolved": "https://registry.npmmirror.com/regenerator-runtime/-/regenerator-runtime-0.14.1.tgz",
      "integrity": "sha512-dYnhHh0nJoMfnkZs6GmmhFknAGRrLznOu5nc9ML+EJxGvrx6H7teuevqVqCuPcPK//3eDrrjQhehXVx9cnkGdw==",
      "license": "MIT"
    },
    "node_modules/vary": {
      "version": "1.1.2",
      "resolved": "https://registry.npmmirror.com/vary/-/vary-1.1.2.tgz",
      "integrity": "sha512-BNGbWLfd0eUPabhkXUVm0j8uuvREyTh5ovRa/dyow/BqAbZJyC+5fU+IzQOzmAKzYqYRAISoRhdQr3eIZ/PXqg==",
      "license": "MIT",
      "engines": {
        "node": ">= 0.8"
      }
    }
  }
}
